// !$*UTF8*$!
{
	archiveVersion = 1;
	classes = {
	};
	objectVersion = 46;
	objects = {

/* Begin PBXBuildFile section */
		FDAF93761D5D6D3A004A11FC /* AppDelegate.swift in Sources */ = {isa = PBXBuildFile; fileRef = FDAF93751D5D6D3A004A11FC /* AppDelegate.swift */; };
		FDAF93781D5D6D3A004A11FC /* ViewController.swift in Sources */ = {isa = PBXBuildFile; fileRef = FDAF93771D5D6D3A004A11FC /* ViewController.swift */; };
		FDAF937B1D5D6D3A004A11FC /* Main.storyboard in Resources */ = {isa = PBXBuildFile; fileRef = FDAF93791D5D6D3A004A11FC /* Main.storyboard */; };
		FDAF937D1D5D6D3A004A11FC /* Assets.xcassets in Resources */ = {isa = PBXBuildFile; fileRef = FDAF937C1D5D6D3A004A11FC /* Assets.xcassets */; };
		FDAF93801D5D6D3A004A11FC /* LaunchScreen.storyboard in Resources */ = {isa = PBXBuildFile; fileRef = FDAF937E1D5D6D3A004A11FC /* LaunchScreen.storyboard */; };
		FDAF93881D5D6F61004A11FC /* pokemon.csv in Resources */ = {isa = PBXBuildFile; fileRef = FDAF93871D5D6F61004A11FC /* pokemon.csv */; };
/* End PBXBuildFile section */

/* Begin PBXFileReference section */
		FDAF93721D5D6D3A004A11FC /* pokedex.app */ = {isa = PBXFileReference; explicitFileType = wrapper.application; includeInIndex = 0; path = pokedex.app; sourceTree = BUILT_PRODUCTS_DIR; };
		FDAF93751D5D6D3A004A11FC /* AppDelegate.swift */ = {isa = PBXFileReference; lastKnownFileType = sourcecode.swift; path = AppDelegate.swift; sourceTree = "<group>"; };
		FDAF93771D5D6D3A004A11FC /* ViewController.swift */ = {isa = PBXFileReference; lastKnownFileType = sourcecode.swift; path = ViewController.swift; sourceTree = "<group>"; };
		FDAF937A1D5D6D3A004A11FC /* Base */ = {isa = PBXFileReference; lastKnownFileType = file.storyboard; name = Base; path = Base.lproj/Main.storyboard; sourceTree = "<group>"; };
		FDAF937C1D5D6D3A004A11FC /* Assets.xcassets */ = {isa = PBXFileReference; lastKnownFileType = folder.assetcatalog; path = Assets.xcassets; sourceTree = "<group>"; };
		FDAF937F1D5D6D3A004A11FC /* Base */ = {isa = PBXFileReference; lastKnownFileType = file.storyboard; name = Base; path = Base.lproj/LaunchScreen.storyboard; sourceTree = "<group>"; };
		FDAF93811D5D6D3A004A11FC /* Info.plist */ = {isa = PBXFileReference; lastKnownFileType = text.plist.xml; path = Info.plist; sourceTree = "<group>"; };
		FDAF93871D5D6F61004A11FC /* pokemon.csv */ = {isa = PBXFileReference; fileEncoding = 4; lastKnownFileType = text; name = pokemon.csv; path = "../../../../../Downloads/pokeapi-master/data/v1/pokemon.csv"; sourceTree = "<group>"; };
/* End PBXFileReference section */

/* Begin PBXFrameworksBuildPhase section */
		FDAF936F1D5D6D3A004A11FC /* Frameworks */ = {
			isa = PBXFrameworksBuildPhase;
			buildActionMask = 2147483647;
			files = (
			);
			runOnlyForDeploymentPostprocessing = 0;
		};
/* End PBXFrameworksBuildPhase section */

/* Begin PBXGroup section */
		FDAF93691D5D6D3A004A11FC = {
			isa = PBXGroup;
			children = (
				FDAF93741D5D6D3A004A11FC /* pokedex */,
				FDAF93731D5D6D3A004A11FC /* Products */,
			);
			sourceTree = "<group>";
		};
		FDAF93731D5D6D3A004A11FC /* Products */ = {
			isa = PBXGroup;
			children = (
				FDAF93721D5D6D3A004A11FC /* pokedex.app */,
			);
			name = Products;
			sourceTree = "<group>";
		};
		FDAF93741D5D6D3A004A11FC /* pokedex */ = {
			isa = PBXGroup;
			children = (
				FDAF93751D5D6D3A004A11FC /* AppDelegate.swift */,
				FDAF93771D5D6D3A004A11FC /* ViewController.swift */,
				FDAF93791D5D6D3A004A11FC /* Main.storyboard */,
				FDAF937C1D5D6D3A004A11FC /* Assets.xcassets */,
				FDAF937E1D5D6D3A004A11FC /* LaunchScreen.storyboard */,
				FDAF93811D5D6D3A004A11FC /* Info.plist */,
				FDAF93871D5D6F61004A11FC /* pokemon.csv */,
			);
			path = pokedex;
			sourceTree = "<group>";
		};
/* End PBXGroup section */

/* Begin PBXNativeTarget section */
		FDAF93711D5D6D3A004A11FC /* pokedex */ = {
			isa = PBXNativeTarget;
			buildConfigurationList = FDAF93841D5D6D3A004A11FC /* Build configuration list for PBXNativeTarget "pokedex" */;
			buildPhases = (
				FDAF936E1D5D6D3A004A11FC /* Sources */,
				FDAF936F1D5D6D3A004A11FC /* Frameworks */,
				FDAF93701D5D6D3A004A11FC /* Resources */,
			);
			buildRules = (
			);
			dependencies = (
			);
			name = pokedex;
			productName = pokedex;
			productReference = FDAF93721D5D6D3A004A11FC /* pokedex.app */;
			productType = "com.apple.product-type.application";
		};
/* End PBXNativeTarget section */

/* Begin PBXProject section */
		FDAF936A1D5D6D3A004A11FC /* Project object */ = {
			isa = PBXProject;
			attributes = {
				LastSwiftUpdateCheck = 0730;
				LastUpgradeCheck = 0730;
				ORGANIZATIONNAME = "Malhar Patel";
				TargetAttributes = {
					FDAF93711D5D6D3A004A11FC = {
						CreatedOnToolsVersion = 7.3.1;
					};
				};
			};
			buildConfigurationList = FDAF936D1D5D6D3A004A11FC /* Build configuration list for PBXProject "pokedex" */;
			compatibilityVersion = "Xcode 3.2";
			developmentRegion = English;
			hasScannedForEncodings = 0;
			knownRegions = (
				en,
				Base,
			);
			mainGroup = FDAF93691D5D6D3A004A11FC;
			productRefGroup = FDAF93731D5D6D3A004A11FC /* Products */;
			projectDirPath = "";
			projectRoot = "";
			targets = (
				FDAF93711D5D6D3A004A11FC /* pokedex */,
			);
		};
/* End PBXProject section */

/* Begin PBXResourcesBuildPhase section */
		FDAF93701D5D6D3A004A11FC /* Resources */ = {
			isa = PBXResourcesBuildPhase;
			buildActionMask = 2147483647;
			files = (
				FDAF93801D5D6D3A004A11FC /* LaunchScreen.storyboard in Resources */,
				FDAF937D1D5D6D3A004A11FC /* Assets.xcassets in Resources */,
				FDAF93881D5D6F61004A11FC /* pokemon.csv in Resources */,
				FDAF937B1D5D6D3A004A11FC /* Main.storyboard in Resources */,
			);
			runOnlyForDeploymentPostprocessing = 0;
		};
/* End PBXResourcesBuildPhase section */

/* Begin PBXSourcesBuildPhase section */
		FDAF936E1D5D6D3A004A11FC /* Sources */ = {
			isa = PBXSourcesBuildPhase;
			buildActionMask = 2147483647;
			files = (
				FDAF93781D5D6D3A004A11FC /* ViewController.swift in Sources */,
				FDAF93761D5D6D3A004A11FC /* AppDelegate.swift in Sources */,
			);
			runOnlyForDeploymentPostprocessing = 0;
		};
/* End PBXSourcesBuildPhase section */

/* Begin PBXVariantGroup section */
		FDAF93791D5D6D3A004A11FC /* Main.storyboard */ = {
			isa = PBXVariantGroup;
			children = (
				FDAF937A1D5D6D3A004A11FC /* Base */,
			);
			name = Main.storyboard;
			sourceTree = "<group>";
		};
		FDAF937E1D5D6D3A004A11FC /* LaunchScreen.storyboard */ = {
			isa = PBXVariantGroup;
			children = (
				FDAF937F1D5D6D3A004A11FC /* Base */,
			);
			name = LaunchScreen.storyboard;
			sourceTree = "<group>";
		};
/* End PBXVariantGroup section */

/* Begin XCBuildConfiguration section */
		FDAF93821D5D6D3A004A11FC /* Debug */ = {
			isa = XCBuildConfiguration;
			buildSettings = {
				ALWAYS_SEARCH_USER_PATHS = NO;
				CLANG_ANALYZER_NONNULL = YES;
				CLANG_CXX_LANGUAGE_STANDARD = "gnu++0x";
				CLANG_CXX_LIBRARY = "libc++";
				CLANG_ENABLE_MODULES = YES;
				CLANG_ENABLE_OBJC_ARC = YES;
				CLANG_WARN_BOOL_CONVERSION = YES;
				CLANG_WARN_CONSTANT_CONVERSION = YES;
				CLANG_WARN_DIRECT_OBJC_ISA_USAGE = YES_ERROR;
				CLANG_WARN_EMPTY_BODY = YES;
				CLANG_WARN_ENUM_CONVERSION = YES;
				CLANG_WARN_INT_CONVERSION = YES;
				CLANG_WARN_OBJC_ROOT_CLASS = YES_ERROR;
				CLANG_WARN_UNREACHABLE_CODE = YES;
				CLANG_WARN__DUPLICATE_METHOD_MATCH = YES;
				"CODE_SIGN_IDENTITY[sdk=iphoneos*]" = "iPhone Developer";
				COPY_PHASE_STRIP = NO;
				DEBUG_INFORMATION_FORMAT = dwarf;
				ENABLE_STRICT_OBJC_MSGSEND = YES;
				ENABLE_TESTABILITY = YES;
				GCC_C_LANGUAGE_STANDARD = gnu99;
				GCC_DYNAMIC_NO_PIC = NO;
				GCC_NO_COMMON_BLOCKS = YES;
				GCC_OPTIMIZATION_LEVEL = 0;
				GCC_PREPROCESSOR_DEFINITIONS = (
					"DEBUG=1",
					"$(inherited)",
				);
				GCC_WARN_64_TO_32_BIT_CONVERSION = YES;
				GCC_WARN_ABOUT_RETURN_TYPE = YES_ERROR;
				GCC_WARN_UNDECLARED_SELECTOR = YES;
				GCC_WARN_UNINITIALIZED_AUTOS = YES_AGGRESSIVE;
				GCC_WARN_UNUSED_FUNCTION = YES;
				GCC_WARN_UNUSED_VARIABLE = YES;
				IPHONEOS_DEPLOYMENT_TARGET = 9.3;
				MTL_ENABLE_DEBUG_INFO = YES;
				ONLY_ACTIVE_ARCH = YES;
				SDKROOT = iphoneos;
				SWIFT_OPTIMIZATION_LEVEL = "-Onone";
			};
			name = Debug;
		};
		FDAF93831D5D6D3A004A11FC /* Release */ = {
			isa = XCBuildConfiguration;
			buildSettings = {
				ALWAYS_SEARCH_USER_PATHS = NO;
				CLANG_ANALYZER_NONNULL = YES;
				CLANG_CXX_LANGUAGE_STANDARD = "gnu++0x";
				CLANG_CXX_LIBRARY = "libc++";
				CLANG_ENABLE_MODULES = YES;
				CLANG_ENABLE_OBJC_ARC = YES;
				CLANG_WARN_BOOL_CONVERSION = YES;
				CLANG_WARN_CONSTANT_CONVERSION = YES;
				CLANG_WARN_DIRECT_OBJC_ISA_USAGE = YES_ERROR;
				CLANG_WARN_EMPTY_BODY = YES;
				CLANG_WARN_ENUM_CONVERSION = YES;
				CLANG_WARN_INT_CONVERSION = YES;
				CLANG_WARN_OBJC_ROOT_CLASS = YES_ERROR;
				CLANG_WARN_UNREACHABLE_CODE = YES;
				CLANG_WARN__DUPLICATE_METHOD_MATCH = YES;
				"CODE_SIGN_IDENTITY[sdk=iphoneos*]" = "iPhone Developer";
				COPY_PHASE_STRIP = NO;
				DEBUG_INFORMATION_FORMAT = "dwarf-with-dsym";
				ENABLE_NS_ASSERTIONS = NO;
				ENABLE_STRICT_OBJC_MSGSEND = YES;
				GCC_C_LANGUAGE_STANDARD = gnu99;
				GCC_NO_COMMON_BLOCKS = YES;
				GCC_WARN_64_TO_32_BIT_CONVERSION = YES;
				GCC_WARN_ABOUT_RETURN_TYPE = YES_ERROR;
				GCC_WARN_UNDECLARED_SELECTOR = YES;
				GCC_WARN_UNINITIALIZED_AUTOS = YES_AGGRESSIVE;
				GCC_WARN_UNUSED_FUNCTION = YES;
				GCC_WARN_UNUSED_VARIABLE = YES;
				IPHONEOS_DEPLOYMENT_TARGET = 9.3;
				MTL_ENABLE_DEBUG_INFO = NO;
				SDKROOT = iphoneos;
				VALIDATE_PRODUCT = YES;
			};
			name = Release;
		};
		FDAF93851D5D6D3A004A11FC /* Debug */ = {
			isa = XCBuildConfiguration;
			buildSettings = {
				ASSETCATALOG_COMPILER_APPICON_NAME = AppIcon;
				INFOPLIST_FILE = pokedex/Info.plist;
				LD_RUNPATH_SEARCH_PATHS = "$(inherited) @executable_path/Frameworks";
				PRODUCT_BUNDLE_IDENTIFIER = com.malharpatel.pokedex;
				PRODUCT_NAME = "$(TARGET_NAME)";
			};
			name = Debug;
		};
		FDAF93861D5D6D3A004A11FC /* Release */ = {
			isa = XCBuildConfiguration;
			buildSettings = {
				ASSETCATALOG_COMPILER_APPICON_NAME = AppIcon;
				INFOPLIST_FILE = pokedex/Info.plist;
				LD_RUNPATH_SEARCH_PATHS = "$(inherited) @executable_path/Frameworks";
				PRODUCT_BUNDLE_IDENTIFIER = com.malharpatel.pokedex;
				PRODUCT_NAME = "$(TARGET_NAME)";
			};
			name = Release;
		};
/* End XCBuildConfiguration section */

/* Begin XCConfigurationList section */
		FDAF936D1D5D6D3A004A11FC /* Build configuration list for PBXProject "pokedex" */ = {
			isa = XCConfigurationList;
			buildConfigurations = (
				FDAF93821D5D6D3A004A11FC /* Debug */,
				FDAF93831D5D6D3A004A11FC /* Release */,
			);
			defaultConfigurationIsVisible = 0;
			defaultConfigurationName = Release;
		};
		FDAF93841D5D6D3A004A11FC /* Build configuration list for PBXNativeTarget "pokedex" */ = {
			isa = XCConfigurationList;
			buildConfigurations = (
				FDAF93851D5D6D3A004A11FC /* Debug */,
				FDAF93861D5D6D3A004A11FC /* Release */,
			);
			defaultConfigurationIsVisible = 0;
		};
/* End XCConfigurationList section */
	};
	rootObject = FDAF936A1D5D6D3A004A11FC /* Project object */;
}
